
Microsoft Visual Studio Solution File, Format Version 12.00
# Visual Studio Version 17
VisualStudioVersion = 17.7.34003.232
MinimumVisualStudioVersion = 10.0.40219.1
Project("{FAE04EC0-301F-11D3-BF4B-00C04F79EFBC}") = "MiPrimerPrograma", "MiPrimerPrograma.csproj", "{6723200C-E3A2-4809-95EE-2403C58D0358}"
EndProject
Global
	GlobalSection(SolutionConfigurationPlatforms) = preSolution
		Debug|Any CPU = Debug|Any CPU
		Release|Any CPU = Release|Any CPU
	EndGlobalSection
	GlobalSection(ProjectConfigurationPlatforms) = postSolution
		{6723200C-E3A2-4809-95EE-2403C58D0358}.Debug|Any CPU.ActiveCfg = Debug|Any CPU
		{6723200C-E3A2-4809-95EE-2403C58D0358}.Debug|Any CPU.Build.0 = Debug|Any CPU
		{6723200C-E3A2-4809-95EE-2403C58D0358}.Release|Any CPU.ActiveCfg = Release|Any CPU
		{6723200C-E3A2-4809-95EE-2403C58D0358}.Release|Any CPU.Build.0 = Release|Any CPU
	EndGlobalSection
	GlobalSection(SolutionProperties) = preSolution
		HideSolutionNode = FALSE
	EndGlobalSection
	GlobalSection(ExtensibilityGlobals) = postSolution
		SolutionGuid = {09450CC6-2C57-4CDC-9325-2117C874034E}
	EndGlobalSection
EndGlobal
